
Microsoft Visual Studio Solution File, Format Version 12.00
# Visual Studio Version 17
VisualStudioVersion = 17.5.33516.290
MinimumVisualStudioVersion = 10.0.40219.1
Project("{FAE04EC0-301F-11D3-BF4B-00C04F79EFBC}") = "Final Project", "Final Project.csproj", "{09342471-BC8B-4DA3-A17B-31914D72C5E6}"
EndProject
Global
	GlobalSection(SolutionConfigurationPlatforms) = preSolution
		Debug|Any CPU = Debug|Any CPU
		Release|Any CPU = Release|Any CPU
	EndGlobalSection
	GlobalSection(ProjectConfigurationPlatforms) = postSolution
		{09342471-BC8B-4DA3-A17B-31914D72C5E6}.Debug|Any CPU.ActiveCfg = Debug|Any CPU
		{09342471-BC8B-4DA3-A17B-31914D72C5E6}.Debug|Any CPU.Build.0 = Debug|Any CPU
		{09342471-BC8B-4DA3-A17B-31914D72C5E6}.Release|Any CPU.ActiveCfg = Release|Any CPU
		{09342471-BC8B-4DA3-A17B-31914D72C5E6}.Release|Any CPU.Build.0 = Release|Any CPU
	EndGlobalSection
	GlobalSection(SolutionProperties) = preSolution
		HideSolutionNode = FALSE
	EndGlobalSection
	GlobalSection(ExtensibilityGlobals) = postSolution
		SolutionGuid = {70296A85-1453-4EA7-AA18-CAEAB9C09DEF}
	EndGlobalSection
EndGlobal
