
Microsoft Visual Studio Solution File, Format Version 12.00
# Visual Studio Version 17
VisualStudioVersion = 17.5.33516.290
MinimumVisualStudioVersion = 10.0.40219.1
Project("{FAE04EC0-301F-11D3-BF4B-00C04F79EFBC}") = "Test1", "Test1.csproj", "{D5A90E42-8E74-4F19-9FFB-59B8DB1743C8}"
EndProject
Global
	GlobalSection(SolutionConfigurationPlatforms) = preSolution
		Debug|Any CPU = Debug|Any CPU
		Release|Any CPU = Release|Any CPU
	EndGlobalSection
	GlobalSection(ProjectConfigurationPlatforms) = postSolution
		{D5A90E42-8E74-4F19-9FFB-59B8DB1743C8}.Debug|Any CPU.ActiveCfg = Debug|Any CPU
		{D5A90E42-8E74-4F19-9FFB-59B8DB1743C8}.Debug|Any CPU.Build.0 = Debug|Any CPU
		{D5A90E42-8E74-4F19-9FFB-59B8DB1743C8}.Release|Any CPU.ActiveCfg = Release|Any CPU
		{D5A90E42-8E74-4F19-9FFB-59B8DB1743C8}.Release|Any CPU.Build.0 = Release|Any CPU
	EndGlobalSection
	GlobalSection(SolutionProperties) = preSolution
		HideSolutionNode = FALSE
	EndGlobalSection
	GlobalSection(ExtensibilityGlobals) = postSolution
		SolutionGuid = {78B6780A-49EC-4903-A5E1-A34F3ECCCBE9}
	EndGlobalSection
EndGlobal
