
Microsoft Visual Studio Solution File, Format Version 12.00
# Visual Studio Version 17
VisualStudioVersion = 17.5.33516.290
MinimumVisualStudioVersion = 10.0.40219.1
Project("{FAE04EC0-301F-11D3-BF4B-00C04F79EFBC}") = "The Second Work - 18th March 2023", "The Second Work - 18th March 2023.csproj", "{9418C726-69B8-4570-9450-827DB445DB60}"
EndProject
Global
	GlobalSection(SolutionConfigurationPlatforms) = preSolution
		Debug|Any CPU = Debug|Any CPU
		Release|Any CPU = Release|Any CPU
	EndGlobalSection
	GlobalSection(ProjectConfigurationPlatforms) = postSolution
		{9418C726-69B8-4570-9450-827DB445DB60}.Debug|Any CPU.ActiveCfg = Debug|Any CPU
		{9418C726-69B8-4570-9450-827DB445DB60}.Debug|Any CPU.Build.0 = Debug|Any CPU
		{9418C726-69B8-4570-9450-827DB445DB60}.Release|Any CPU.ActiveCfg = Release|Any CPU
		{9418C726-69B8-4570-9450-827DB445DB60}.Release|Any CPU.Build.0 = Release|Any CPU
	EndGlobalSection
	GlobalSection(SolutionProperties) = preSolution
		HideSolutionNode = FALSE
	EndGlobalSection
	GlobalSection(ExtensibilityGlobals) = postSolution
		SolutionGuid = {C8F68E74-E3F0-4735-9F8A-58DCBA068B6E}
	EndGlobalSection
EndGlobal
